
Microsoft Visual Studio Solution File, Format Version 12.00
# Visual Studio Version 17
VisualStudioVersion = 17.5.002.0
MinimumVisualStudioVersion = 10.0.40219.1
Project("{9A19103F-16F7-4668-BE54-9A1E7A4F7556}") = "MapCycle", "MapCycle.csproj", "{6A9CEC89-E1DD-47A1-9E09-09F98FE0AF7F}"
EndProject
Global
	GlobalSection(SolutionConfigurationPlatforms) = preSolution
		Debug|Any CPU = Debug|Any CPU
		Release|Any CPU = Release|Any CPU
	EndGlobalSection
	GlobalSection(ProjectConfigurationPlatforms) = postSolution
		{6A9CEC89-E1DD-47A1-9E09-09F98FE0AF7F}.Debug|Any CPU.ActiveCfg = Debug|Any CPU
		{6A9CEC89-E1DD-47A1-9E09-09F98FE0AF7F}.Debug|Any CPU.Build.0 = Debug|Any CPU
		{6A9CEC89-E1DD-47A1-9E09-09F98FE0AF7F}.Release|Any CPU.ActiveCfg = Release|Any CPU
		{6A9CEC89-E1DD-47A1-9E09-09F98FE0AF7F}.Release|Any CPU.Build.0 = Release|Any CPU
	EndGlobalSection
	GlobalSection(SolutionProperties) = preSolution
		HideSolutionNode = FALSE
	EndGlobalSection
	GlobalSection(ExtensibilityGlobals) = postSolution
		SolutionGuid = {B61D15D4-15D3-4C00-B6C6-6E9CE9AF2A32}
	EndGlobalSection
EndGlobal
